// !$*UTF8*$!
{
	archiveVersion = 1;
	classes = {
	};
	objectVersion = 56;
	objects = {

/* Begin PBXBuildFile section */
		2308EB722BA8B40A009D998E /* VideoPlayerView.swift in Sources */ = {isa = PBXBuildFile; fileRef = 2308EB712BA8B40A009D998E /* VideoPlayerView.swift */; };
		2308EB742BA8B4ED009D998E /* DocumentPicker.swift in Sources */ = {isa = PBXBuildFile; fileRef = 2308EB732BA8B4ED009D998E /* DocumentPicker.swift */; };
		23CAB56F2BA87C18009D3B32 /* Swift_videoApp.swift in Sources */ = {isa = PBXBuildFile; fileRef = 23CAB56E2BA87C18009D3B32 /* Swift_videoApp.swift */; };
		23CAB5712BA87C18009D3B32 /* ContentView.swift in Sources */ = {isa = PBXBuildFile; fileRef = 23CAB5702BA87C18009D3B32 /* ContentView.swift */; };
		23CAB5732BA87C18009D3B32 /* Item.swift in Sources */ = {isa = PBXBuildFile; fileRef = 23CAB5722BA87C18009D3B32 /* Item.swift */; };
		23CAB5752BA87C1B009D3B32 /* Assets.xcassets in Resources */ = {isa = PBXBuildFile; fileRef = 23CAB5742BA87C1B009D3B32 /* Assets.xcassets */; };
		23CAB5782BA87C1B009D3B32 /* Preview Assets.xcassets in Resources */ = {isa = PBXBuildFile; fileRef = 23CAB5772BA87C1B009D3B32 /* Preview Assets.xcassets */; };
		23CAB5822BA87C1B009D3B32 /* Swift_videoTests.swift in Sources */ = {isa = PBXBuildFile; fileRef = 23CAB5812BA87C1B009D3B32 /* Swift_videoTests.swift */; };
		23CAB58C2BA87C1B009D3B32 /* Swift_videoUITests.swift in Sources */ = {isa = PBXBuildFile; fileRef = 23CAB58B2BA87C1B009D3B32 /* Swift_videoUITests.swift */; };
		23CAB58E2BA87C1B009D3B32 /* Swift_videoUITestsLaunchTests.swift in Sources */ = {isa = PBXBuildFile; fileRef = 23CAB58D2BA87C1B009D3B32 /* Swift_videoUITestsLaunchTests.swift */; };
/* End PBXBuildFile section */

/* Begin PBXContainerItemProxy section */
		23CAB57E2BA87C1B009D3B32 /* PBXContainerItemProxy */ = {
			isa = PBXContainerItemProxy;
			containerPortal = 23CAB5632BA87C18009D3B32 /* Project object */;
			proxyType = 1;
			remoteGlobalIDString = 23CAB56A2BA87C18009D3B32;
			remoteInfo = "Swift-video";
		};
		23CAB5882BA87C1B009D3B32 /* PBXContainerItemProxy */ = {
			isa = PBXContainerItemProxy;
			containerPortal = 23CAB5632BA87C18009D3B32 /* Project object */;
			proxyType = 1;
			remoteGlobalIDString = 23CAB56A2BA87C18009D3B32;
			remoteInfo = "Swift-video";
		};
/* End PBXContainerItemProxy section */

/* Begin PBXFileReference section */
		2308EB712BA8B40A009D998E /* VideoPlayerView.swift */ = {isa = PBXFileReference; lastKnownFileType = sourcecode.swift; path = VideoPlayerView.swift; sourceTree = "<group>"; };
		2308EB732BA8B4ED009D998E /* DocumentPicker.swift */ = {isa = PBXFileReference; lastKnownFileType = sourcecode.swift; path = DocumentPicker.swift; sourceTree = "<group>"; };
		23CAB56B2BA87C18009D3B32 /* Swift-video.app */ = {isa = PBXFileReference; explicitFileType = wrapper.application; includeInIndex = 0; path = "Swift-video.app"; sourceTree = BUILT_PRODUCTS_DIR; };
		23CAB56E2BA87C18009D3B32 /* Swift_videoApp.swift */ = {isa = PBXFileReference; lastKnownFileType = sourcecode.swift; path = Swift_videoApp.swift; sourceTree = "<group>"; };
		23CAB5702BA87C18009D3B32 /* ContentView.swift */ = {isa = PBXFileReference; lastKnownFileType = sourcecode.swift; path = ContentView.swift; sourceTree = "<group>"; };
		23CAB5722BA87C18009D3B32 /* Item.swift */ = {isa = PBXFileReference; lastKnownFileType = sourcecode.swift; path = Item.swift; sourceTree = "<group>"; };
		23CAB5742BA87C1B009D3B32 /* Assets.xcassets */ = {isa = PBXFileReference; lastKnownFileType = folder.assetcatalog; path = Assets.xcassets; sourceTree = "<group>"; };
		23CAB5772BA87C1B009D3B32 /* Preview Assets.xcassets */ = {isa = PBXFileReference; lastKnownFileType = folder.assetcatalog; path = "Preview Assets.xcassets"; sourceTree = "<group>"; };
		23CAB57D2BA87C1B009D3B32 /* Swift-videoTests.xctest */ = {isa = PBXFileReference; explicitFileType = wrapper.cfbundle; includeInIndex = 0; path = "Swift-videoTests.xctest"; sourceTree = BUILT_PRODUCTS_DIR; };
		23CAB5812BA87C1B009D3B32 /* Swift_videoTests.swift */ = {isa = PBXFileReference; lastKnownFileType = sourcecode.swift; path = Swift_videoTests.swift; sourceTree = "<group>"; };
		23CAB5872BA87C1B009D3B32 /* Swift-videoUITests.xctest */ = {isa = PBXFileReference; explicitFileType = wrapper.cfbundle; includeInIndex = 0; path = "Swift-videoUITests.xctest"; sourceTree = BUILT_PRODUCTS_DIR; };
		23CAB58B2BA87C1B009D3B32 /* Swift_videoUITests.swift */ = {isa = PBXFileReference; lastKnownFileType = sourcecode.swift; path = Swift_videoUITests.swift; sourceTree = "<group>"; };
		23CAB58D2BA87C1B009D3B32 /* Swift_videoUITestsLaunchTests.swift */ = {isa = PBXFileReference; lastKnownFileType = sourcecode.swift; path = Swift_videoUITestsLaunchTests.swift; sourceTree = "<group>"; };
/* End PBXFileReference section */

/* Begin PBXFrameworksBuildPhase section */
		23CAB5682BA87C18009D3B32 /* Frameworks */ = {
			isa = PBXFrameworksBuildPhase;
			buildActionMask = 2147483647;
			files = (
			);
			runOnlyForDeploymentPostprocessing = 0;
		};
		23CAB57A2BA87C1B009D3B32 /* Frameworks */ = {
			isa = PBXFrameworksBuildPhase;
			buildActionMask = 2147483647;
			files = (
			);
			runOnlyForDeploymentPostprocessing = 0;
		};
		23CAB5842BA87C1B009D3B32 /* Frameworks */ = {
			isa = PBXFrameworksBuildPhase;
			buildActionMask = 2147483647;
			files = (
			);
			runOnlyForDeploymentPostprocessing = 0;
		};
/* End PBXFrameworksBuildPhase section */

/* Begin PBXGroup section */
		23CAB5622BA87C18009D3B32 = {
			isa = PBXGroup;
			children = (
				23CAB56D2BA87C18009D3B32 /* Swift-video */,
				23CAB5802BA87C1B009D3B32 /* Swift-videoTests */,
				23CAB58A2BA87C1B009D3B32 /* Swift-videoUITests */,
				23CAB56C2BA87C18009D3B32 /* Products */,
			);
			sourceTree = "<group>";
		};
		23CAB56C2BA87C18009D3B32 /* Products */ = {
			isa = PBXGroup;
			children = (
				23CAB56B2BA87C18009D3B32 /* Swift-video.app */,
				23CAB57D2BA87C1B009D3B32 /* Swift-videoTests.xctest */,
				23CAB5872BA87C1B009D3B32 /* Swift-videoUITests.xctest */,
			);
			name = Products;
			sourceTree = "<group>";
		};
		23CAB56D2BA87C18009D3B32 /* Swift-video */ = {
			isa = PBXGroup;
			children = (
				2308EB732BA8B4ED009D998E /* DocumentPicker.swift */,
				2308EB712BA8B40A009D998E /* VideoPlayerView.swift */,
				23CAB56E2BA87C18009D3B32 /* Swift_videoApp.swift */,
				23CAB5702BA87C18009D3B32 /* ContentView.swift */,
				23CAB5722BA87C18009D3B32 /* Item.swift */,
				23CAB5742BA87C1B009D3B32 /* Assets.xcassets */,
				23CAB5762BA87C1B009D3B32 /* Preview Content */,
			);
			path = "Swift-video";
			sourceTree = "<group>";
		};
		23CAB5762BA87C1B009D3B32 /* Preview Content */ = {
			isa = PBXGroup;
			children = (
				23CAB5772BA87C1B009D3B32 /* Preview Assets.xcassets */,
			);
			path = "Preview Content";
			sourceTree = "<group>";
		};
		23CAB5802BA87C1B009D3B32 /* Swift-videoTests */ = {
			isa = PBXGroup;
			children = (
				23CAB5812BA87C1B009D3B32 /* Swift_videoTests.swift */,
			);
			path = "Swift-videoTests";
			sourceTree = "<group>";
		};
		23CAB58A2BA87C1B009D3B32 /* Swift-videoUITests */ = {
			isa = PBXGroup;
			children = (
				23CAB58B2BA87C1B009D3B32 /* Swift_videoUITests.swift */,
				23CAB58D2BA87C1B009D3B32 /* Swift_videoUITestsLaunchTests.swift */,
			);
			path = "Swift-videoUITests";
			sourceTree = "<group>";
		};
/* End PBXGroup section */

/* Begin PBXNativeTarget section */
		23CAB56A2BA87C18009D3B32 /* Swift-video */ = {
			isa = PBXNativeTarget;
			buildConfigurationList = 23CAB5912BA87C1B009D3B32 /* Build configuration list for PBXNativeTarget "Swift-video" */;
			buildPhases = (
				23CAB5672BA87C18009D3B32 /* Sources */,
				23CAB5682BA87C18009D3B32 /* Frameworks */,
				23CAB5692BA87C18009D3B32 /* Resources */,
			);
			buildRules = (
			);
			dependencies = (
			);
			name = "Swift-video";
			productName = "Swift-video";
			productReference = 23CAB56B2BA87C18009D3B32 /* Swift-video.app */;
			productType = "com.apple.product-type.application";
		};
		23CAB57C2BA87C1B009D3B32 /* Swift-videoTests */ = {
			isa = PBXNativeTarget;
			buildConfigurationList = 23CAB5942BA87C1B009D3B32 /* Build configuration list for PBXNativeTarget "Swift-videoTests" */;
			buildPhases = (
				23CAB5792BA87C1B009D3B32 /* Sources */,
				23CAB57A2BA87C1B009D3B32 /* Frameworks */,
				23CAB57B2BA87C1B009D3B32 /* Resources */,
			);
			buildRules = (
			);
			dependencies = (
				23CAB57F2BA87C1B009D3B32 /* PBXTargetDependency */,
			);
			name = "Swift-videoTests";
			productName = "Swift-videoTests";
			productReference = 23CAB57D2BA87C1B009D3B32 /* Swift-videoTests.xctest */;
			productType = "com.apple.product-type.bundle.unit-test";
		};
		23CAB5862BA87C1B009D3B32 /* Swift-videoUITests */ = {
			isa = PBXNativeTarget;
			buildConfigurationList = 23CAB5972BA87C1B009D3B32 /* Build configuration list for PBXNativeTarget "Swift-videoUITests" */;
			buildPhases = (
				23CAB5832BA87C1B009D3B32 /* Sources */,
				23CAB5842BA87C1B009D3B32 /* Frameworks */,
				23CAB5852BA87C1B009D3B32 /* Resources */,
			);
			buildRules = (
			);
			dependencies = (
				23CAB5892BA87C1B009D3B32 /* PBXTargetDependency */,
			);
			name = "Swift-videoUITests";
			productName = "Swift-videoUITests";
			productReference = 23CAB5872BA87C1B009D3B32 /* Swift-videoUITests.xctest */;
			productType = "com.apple.product-type.bundle.ui-testing";
		};
/* End PBXNativeTarget section */

/* Begin PBXProject section */
		23CAB5632BA87C18009D3B32 /* Project object */ = {
			isa = PBXProject;
			attributes = {
				BuildIndependentTargetsInParallel = 1;
				LastSwiftUpdateCheck = 1530;
				LastUpgradeCheck = 1530;
				TargetAttributes = {
					23CAB56A2BA87C18009D3B32 = {
						CreatedOnToolsVersion = 15.3;
					};
					23CAB57C2BA87C1B009D3B32 = {
						CreatedOnToolsVersion = 15.3;
						TestTargetID = 23CAB56A2BA87C18009D3B32;
					};
					23CAB5862BA87C1B009D3B32 = {
						CreatedOnToolsVersion = 15.3;
						TestTargetID = 23CAB56A2BA87C18009D3B32;
					};
				};
			};
			buildConfigurationList = 23CAB5662BA87C18009D3B32 /* Build configuration list for PBXProject "Swift-video" */;
			compatibilityVersion = "Xcode 14.0";
			developmentRegion = en;
			hasScannedForEncodings = 0;
			knownRegions = (
				en,
				Base,
			);
			mainGroup = 23CAB5622BA87C18009D3B32;
			productRefGroup = 23CAB56C2BA87C18009D3B32 /* Products */;
			projectDirPath = "";
			projectRoot = "";
			targets = (
				23CAB56A2BA87C18009D3B32 /* Swift-video */,
				23CAB57C2BA87C1B009D3B32 /* Swift-videoTests */,
				23CAB5862BA87C1B009D3B32 /* Swift-videoUITests */,
			);
		};
/* End PBXProject section */

/* Begin PBXResourcesBuildPhase section */
		23CAB5692BA87C18009D3B32 /* Resources */ = {
			isa = PBXResourcesBuildPhase;
			buildActionMask = 2147483647;
			files = (
				23CAB5782BA87C1B009D3B32 /* Preview Assets.xcassets in Resources */,
				23CAB5752BA87C1B009D3B32 /* Assets.xcassets in Resources */,
			);
			runOnlyForDeploymentPostprocessing = 0;
		};
		23CAB57B2BA87C1B009D3B32 /* Resources */ = {
			isa = PBXResourcesBuildPhase;
			buildActionMask = 2147483647;
			files = (
			);
			runOnlyForDeploymentPostprocessing = 0;
		};
		23CAB5852BA87C1B009D3B32 /* Resources */ = {
			isa = PBXResourcesBuildPhase;
			buildActionMask = 2147483647;
			files = (
			);
			runOnlyForDeploymentPostprocessing = 0;
		};
/* End PBXResourcesBuildPhase section */

/* Begin PBXSourcesBuildPhase section */
		23CAB5672BA87C18009D3B32 /* Sources */ = {
			isa = PBXSourcesBuildPhase;
			buildActionMask = 2147483647;
			files = (
				23CAB5712BA87C18009D3B32 /* ContentView.swift in Sources */,
				23CAB5732BA87C18009D3B32 /* Item.swift in Sources */,
				23CAB56F2BA87C18009D3B32 /* Swift_videoApp.swift in Sources */,
				2308EB742BA8B4ED009D998E /* DocumentPicker.swift in Sources */,
				2308EB722BA8B40A009D998E /* VideoPlayerView.swift in Sources */,
			);
			runOnlyForDeploymentPostprocessing = 0;
		};
		23CAB5792BA87C1B009D3B32 /* Sources */ = {
			isa = PBXSourcesBuildPhase;
			buildActionMask = 2147483647;
			files = (
				23CAB5822BA87C1B009D3B32 /* Swift_videoTests.swift in Sources */,
			);
			runOnlyForDeploymentPostprocessing = 0;
		};
		23CAB5832BA87C1B009D3B32 /* Sources */ = {
			isa = PBXSourcesBuildPhase;
			buildActionMask = 2147483647;
			files = (
				23CAB58E2BA87C1B009D3B32 /* Swift_videoUITestsLaunchTests.swift in Sources */,
				23CAB58C2BA87C1B009D3B32 /* Swift_videoUITests.swift in Sources */,
			);
			runOnlyForDeploymentPostprocessing = 0;
		};
/* End PBXSourcesBuildPhase section */

/* Begin PBXTargetDependency section */
		23CAB57F2BA87C1B009D3B32 /* PBXTargetDependency */ = {
			isa = PBXTargetDependency;
			target = 23CAB56A2BA87C18009D3B32 /* Swift-video */;
			targetProxy = 23CAB57E2BA87C1B009D3B32 /* PBXContainerItemProxy */;
		};
		23CAB5892BA87C1B009D3B32 /* PBXTargetDependency */ = {
			isa = PBXTargetDependency;
			target = 23CAB56A2BA87C18009D3B32 /* Swift-video */;
			targetProxy = 23CAB5882BA87C1B009D3B32 /* PBXContainerItemProxy */;
		};
/* End PBXTargetDependency section */

/* Begin XCBuildConfiguration section */
		23CAB58F2BA87C1B009D3B32 /* Debug */ = {
			isa = XCBuildConfiguration;
			buildSettings = {
				ALWAYS_SEARCH_USER_PATHS = NO;
				ASSETCATALOG_COMPILER_GENERATE_SWIFT_ASSET_SYMBOL_EXTENSIONS = YES;
				CLANG_ANALYZER_NONNULL = YES;
				CLANG_ANALYZER_NUMBER_OBJECT_CONVERSION = YES_AGGRESSIVE;
				CLANG_CXX_LANGUAGE_STANDARD = "gnu++20";
				CLANG_ENABLE_MODULES = YES;
				CLANG_ENABLE_OBJC_ARC = YES;
				CLANG_ENABLE_OBJC_WEAK = YES;
				CLANG_WARN_BLOCK_CAPTURE_AUTORELEASING = YES;
				CLANG_WARN_BOOL_CONVERSION = YES;
				CLANG_WARN_COMMA = YES;
				CLANG_WARN_CONSTANT_CONVERSION = YES;
				CLANG_WARN_DEPRECATED_OBJC_IMPLEMENTATIONS = YES;
				CLANG_WARN_DIRECT_OBJC_ISA_USAGE = YES_ERROR;
				CLANG_WARN_DOCUMENTATION_COMMENTS = YES;
				CLANG_WARN_EMPTY_BODY = YES;
				CLANG_WARN_ENUM_CONVERSION = YES;
				CLANG_WARN_INFINITE_RECURSION = YES;
				CLANG_WARN_INT_CONVERSION = YES;
				CLANG_WARN_NON_LITERAL_NULL_CONVERSION = YES;
				CLANG_WARN_OBJC_IMPLICIT_RETAIN_SELF = YES;
				CLANG_WARN_OBJC_LITERAL_CONVERSION = YES;
				CLANG_WARN_OBJC_ROOT_CLASS = YES_ERROR;
				CLANG_WARN_QUOTED_INCLUDE_IN_FRAMEWORK_HEADER = YES;
				CLANG_WARN_RANGE_LOOP_ANALYSIS = YES;
				CLANG_WARN_STRICT_PROTOTYPES = YES;
				CLANG_WARN_SUSPICIOUS_MOVE = YES;
				CLANG_WARN_UNGUARDED_AVAILABILITY = YES_AGGRESSIVE;
				CLANG_WARN_UNREACHABLE_CODE = YES;
				CLANG_WARN__DUPLICATE_METHOD_MATCH = YES;
				COPY_PHASE_STRIP = NO;
				DEBUG_INFORMATION_FORMAT = dwarf;
				ENABLE_STRICT_OBJC_MSGSEND = YES;
				ENABLE_TESTABILITY = YES;
				ENABLE_USER_SCRIPT_SANDBOXING = YES;
				GCC_C_LANGUAGE_STANDARD = gnu17;
				GCC_DYNAMIC_NO_PIC = NO;
				GCC_NO_COMMON_BLOCKS = YES;
				GCC_OPTIMIZATION_LEVEL = 0;
				GCC_PREPROCESSOR_DEFINITIONS = (
					"DEBUG=1",
					"$(inherited)",
				);
				GCC_WARN_64_TO_32_BIT_CONVERSION = YES;
				GCC_WARN_ABOUT_RETURN_TYPE = YES_ERROR;
				GCC_WARN_UNDECLARED_SELECTOR = YES;
				GCC_WARN_UNINITIALIZED_AUTOS = YES_AGGRESSIVE;
				GCC_WARN_UNUSED_FUNCTION = YES;
				GCC_WARN_UNUSED_VARIABLE = YES;
				IPHONEOS_DEPLOYMENT_TARGET = 17.4;
				LOCALIZATION_PREFERS_STRING_CATALOGS = YES;
				MTL_ENABLE_DEBUG_INFO = INCLUDE_SOURCE;
				MTL_FAST_MATH = YES;
				ONLY_ACTIVE_ARCH = YES;
				SDKROOT = iphoneos;
				SWIFT_ACTIVE_COMPILATION_CONDITIONS = "DEBUG $(inherited)";
				SWIFT_OPTIMIZATION_LEVEL = "-Onone";
			};
			name = Debug;
		};
		23CAB5902BA87C1B009D3B32 /* Release */ = {
			isa = XCBuildConfiguration;
			buildSettings = {
				ALWAYS_SEARCH_USER_PATHS = NO;
				ASSETCATALOG_COMPILER_GENERATE_SWIFT_ASSET_SYMBOL_EXTENSIONS = YES;
				CLANG_ANALYZER_NONNULL = YES;
				CLANG_ANALYZER_NUMBER_OBJECT_CONVERSION = YES_AGGRESSIVE;
				CLANG_CXX_LANGUAGE_STANDARD = "gnu++20";
				CLANG_ENABLE_MODULES = YES;
				CLANG_ENABLE_OBJC_ARC = YES;
				CLANG_ENABLE_OBJC_WEAK = YES;
				CLANG_WARN_BLOCK_CAPTURE_AUTORELEASING = YES;
				CLANG_WARN_BOOL_CONVERSION = YES;
				CLANG_WARN_COMMA = YES;
				CLANG_WARN_CONSTANT_CONVERSION = YES;
				CLANG_WARN_DEPRECATED_OBJC_IMPLEMENTATIONS = YES;
				CLANG_WARN_DIRECT_OBJC_ISA_USAGE = YES_ERROR;
				CLANG_WARN_DOCUMENTATION_COMMENTS = YES;
				CLANG_WARN_EMPTY_BODY = YES;
				CLANG_WARN_ENUM_CONVERSION = YES;
				CLANG_WARN_INFINITE_RECURSION = YES;
				CLANG_WARN_INT_CONVERSION = YES;
				CLANG_WARN_NON_LITERAL_NULL_CONVERSION = YES;
				CLANG_WARN_OBJC_IMPLICIT_RETAIN_SELF = YES;
				CLANG_WARN_OBJC_LITERAL_CONVERSION = YES;
				CLANG_WARN_OBJC_ROOT_CLASS = YES_ERROR;
				CLANG_WARN_QUOTED_INCLUDE_IN_FRAMEWORK_HEADER = YES;
				CLANG_WARN_RANGE_LOOP_ANALYSIS = YES;
				CLANG_WARN_STRICT_PROTOTYPES = YES;
				CLANG_WARN_SUSPICIOUS_MOVE = YES;
				CLANG_WARN_UNGUARDED_AVAILABILITY = YES_AGGRESSIVE;
				CLANG_WARN_UNREACHABLE_CODE = YES;
				CLANG_WARN__DUPLICATE_METHOD_MATCH = YES;
				COPY_PHASE_STRIP = NO;
				DEBUG_INFORMATION_FORMAT = "dwarf-with-dsym";
				ENABLE_NS_ASSERTIONS = NO;
				ENABLE_STRICT_OBJC_MSGSEND = YES;
				ENABLE_USER_SCRIPT_SANDBOXING = YES;
				GCC_C_LANGUAGE_STANDARD = gnu17;
				GCC_NO_COMMON_BLOCKS = YES;
				GCC_WARN_64_TO_32_BIT_CONVERSION = YES;
				GCC_WARN_ABOUT_RETURN_TYPE = YES_ERROR;
				GCC_WARN_UNDECLARED_SELECTOR = YES;
				GCC_WARN_UNINITIALIZED_AUTOS = YES_AGGRESSIVE;
				GCC_WARN_UNUSED_FUNCTION = YES;
				GCC_WARN_UNUSED_VARIABLE = YES;
				IPHONEOS_DEPLOYMENT_TARGET = 17.4;
				LOCALIZATION_PREFERS_STRING_CATALOGS = YES;
				MTL_ENABLE_DEBUG_INFO = NO;
				MTL_FAST_MATH = YES;
				SDKROOT = iphoneos;
				SWIFT_COMPILATION_MODE = wholemodule;
				VALIDATE_PRODUCT = YES;
			};
			name = Release;
		};
		23CAB5922BA87C1B009D3B32 /* Debug */ = {
			isa = XCBuildConfiguration;
			buildSettings = {
				ASSETCATALOG_COMPILER_APPICON_NAME = AppIcon;
				ASSETCATALOG_COMPILER_GLOBAL_ACCENT_COLOR_NAME = AccentColor;
				CODE_SIGN_STYLE = Automatic;
				CURRENT_PROJECT_VERSION = 1;
				DEVELOPMENT_ASSET_PATHS = "\"Swift-video/Preview Content\"";
				ENABLE_PREVIEWS = YES;
				GENERATE_INFOPLIST_FILE = YES;
				INFOPLIST_KEY_UIApplicationSceneManifest_Generation = YES;
				INFOPLIST_KEY_UIApplicationSupportsIndirectInputEvents = YES;
				INFOPLIST_KEY_UILaunchScreen_Generation = YES;
				INFOPLIST_KEY_UISupportedInterfaceOrientations_iPad = "UIInterfaceOrientationPortrait UIInterfaceOrientationPortraitUpsideDown UIInterfaceOrientationLandscapeLeft UIInterfaceOrientationLandscapeRight";
				INFOPLIST_KEY_UISupportedInterfaceOrientations_iPhone = "UIInterfaceOrientationPortrait UIInterfaceOrientationLandscapeLeft UIInterfaceOrientationLandscapeRight";
				LD_RUNPATH_SEARCH_PATHS = (
					"$(inherited)",
					"@executable_path/Frameworks",
				);
				MARKETING_VERSION = 1.0;
				PRODUCT_BUNDLE_IDENTIFIER = "com.Swift-video.Swift-video";
				PRODUCT_NAME = "$(TARGET_NAME)";
				SWIFT_EMIT_LOC_STRINGS = YES;
				SWIFT_VERSION = 5.0;
				TARGETED_DEVICE_FAMILY = "1,2";
			};
			name = Debug;
		};
		23CAB5932BA87C1B009D3B32 /* Release */ = {
			isa = XCBuildConfiguration;
			buildSettings = {
				ASSETCATALOG_COMPILER_APPICON_NAME = AppIcon;
				ASSETCATALOG_COMPILER_GLOBAL_ACCENT_COLOR_NAME = AccentColor;
				CODE_SIGN_STYLE = Automatic;
				CURRENT_PROJECT_VERSION = 1;
				DEVELOPMENT_ASSET_PATHS = "\"Swift-video/Preview Content\"";
				ENABLE_PREVIEWS = YES;
				GENERATE_INFOPLIST_FILE = YES;
				INFOPLIST_KEY_UIApplicationSceneManifest_Generation = YES;
				INFOPLIST_KEY_UIApplicationSupportsIndirectInputEvents = YES;
				INFOPLIST_KEY_UILaunchScreen_Generation = YES;
				INFOPLIST_KEY_UISupportedInterfaceOrientations_iPad = "UIInterfaceOrientationPortrait UIInterfaceOrientationPortraitUpsideDown UIInterfaceOrientationLandscapeLeft UIInterfaceOrientationLandscapeRight";
				INFOPLIST_KEY_UISupportedInterfaceOrientations_iPhone = "UIInterfaceOrientationPortrait UIInterfaceOrientationLandscapeLeft UIInterfaceOrientationLandscapeRight";
				LD_RUNPATH_SEARCH_PATHS = (
					"$(inherited)",
					"@executable_path/Frameworks",
				);
				MARKETING_VERSION = 1.0;
				PRODUCT_BUNDLE_IDENTIFIER = "com.Swift-video.Swift-video";
				PRODUCT_NAME = "$(TARGET_NAME)";
				SWIFT_EMIT_LOC_STRINGS = YES;
				SWIFT_VERSION = 5.0;
				TARGETED_DEVICE_FAMILY = "1,2";
			};
			name = Release;
		};
		23CAB5952BA87C1B009D3B32 /* Debug */ = {
			isa = XCBuildConfiguration;
			buildSettings = {
				ALWAYS_EMBED_SWIFT_STANDARD_LIBRARIES = YES;
				BUNDLE_LOADER = "$(TEST_HOST)";
				CODE_SIGN_STYLE = Automatic;
				CURRENT_PROJECT_VERSION = 1;
				GENERATE_INFOPLIST_FILE = YES;
				IPHONEOS_DEPLOYMENT_TARGET = 17.4;
				MARKETING_VERSION = 1.0;
				PRODUCT_BUNDLE_IDENTIFIER = "com.Swift-video.Swift-videoTests";
				PRODUCT_NAME = "$(TARGET_NAME)";
				SWIFT_EMIT_LOC_STRINGS = NO;
				SWIFT_VERSION = 5.0;
				TARGETED_DEVICE_FAMILY = "1,2";
				TEST_HOST = "$(BUILT_PRODUCTS_DIR)/Swift-video.app/$(BUNDLE_EXECUTABLE_FOLDER_PATH)/Swift-video";
			};
			name = Debug;
		};
		23CAB5962BA87C1B009D3B32 /* Release */ = {
			isa = XCBuildConfiguration;
			buildSettings = {
				ALWAYS_EMBED_SWIFT_STANDARD_LIBRARIES = YES;
				BUNDLE_LOADER = "$(TEST_HOST)";
				CODE_SIGN_STYLE = Automatic;
				CURRENT_PROJECT_VERSION = 1;
				GENERATE_INFOPLIST_FILE = YES;
				IPHONEOS_DEPLOYMENT_TARGET = 17.4;
				MARKETING_VERSION = 1.0;
				PRODUCT_BUNDLE_IDENTIFIER = "com.Swift-video.Swift-videoTests";
				PRODUCT_NAME = "$(TARGET_NAME)";
				SWIFT_EMIT_LOC_STRINGS = NO;
				SWIFT_VERSION = 5.0;
				TARGETED_DEVICE_FAMILY = "1,2";
				TEST_HOST = "$(BUILT_PRODUCTS_DIR)/Swift-video.app/$(BUNDLE_EXECUTABLE_FOLDER_PATH)/Swift-video";
			};
			name = Release;
		};
		23CAB5982BA87C1B009D3B32 /* Debug */ = {
			isa = XCBuildConfiguration;
			buildSettings = {
				ALWAYS_EMBED_SWIFT_STANDARD_LIBRARIES = YES;
				CODE_SIGN_STYLE = Automatic;
				CURRENT_PROJECT_VERSION = 1;
				GENERATE_INFOPLIST_FILE = YES;
				MARKETING_VERSION = 1.0;
				PRODUCT_BUNDLE_IDENTIFIER = "com.Swift-video.Swift-videoUITests";
				PRODUCT_NAME = "$(TARGET_NAME)";
				SWIFT_EMIT_LOC_STRINGS = NO;
				SWIFT_VERSION = 5.0;
				TARGETED_DEVICE_FAMILY = "1,2";
				TEST_TARGET_NAME = "Swift-video";
			};
			name = Debug;
		};
		23CAB5992BA87C1B009D3B32 /* Release */ = {
			isa = XCBuildConfiguration;
			buildSettings = {
				ALWAYS_EMBED_SWIFT_STANDARD_LIBRARIES = YES;
				CODE_SIGN_STYLE = Automatic;
				CURRENT_PROJECT_VERSION = 1;
				GENERATE_INFOPLIST_FILE = YES;
				MARKETING_VERSION = 1.0;
				PRODUCT_BUNDLE_IDENTIFIER = "com.Swift-video.Swift-videoUITests";
				PRODUCT_NAME = "$(TARGET_NAME)";
				SWIFT_EMIT_LOC_STRINGS = NO;
				SWIFT_VERSION = 5.0;
				TARGETED_DEVICE_FAMILY = "1,2";
				TEST_TARGET_NAME = "Swift-video";
			};
			name = Release;
		};
/* End XCBuildConfiguration section */

/* Begin XCConfigurationList section */
		23CAB5662BA87C18009D3B32 /* Build configuration list for PBXProject "Swift-video" */ = {
			isa = XCConfigurationList;
			buildConfigurations = (
				23CAB58F2BA87C1B009D3B32 /* Debug */,
				23CAB5902BA87C1B009D3B32 /* Release */,
			);
			defaultConfigurationIsVisible = 0;
			defaultConfigurationName = Release;
		};
		23CAB5912BA87C1B009D3B32 /* Build configuration list for PBXNativeTarget "Swift-video" */ = {
			isa = XCConfigurationList;
			buildConfigurations = (
				23CAB5922BA87C1B009D3B32 /* Debug */,
				23CAB5932BA87C1B009D3B32 /* Release */,
			);
			defaultConfigurationIsVisible = 0;
			defaultConfigurationName = Release;
		};
		23CAB5942BA87C1B009D3B32 /* Build configuration list for PBXNativeTarget "Swift-videoTests" */ = {
			isa = XCConfigurationList;
			buildConfigurations = (
				23CAB5952BA87C1B009D3B32 /* Debug */,
				23CAB5962BA87C1B009D3B32 /* Release */,
			);
			defaultConfigurationIsVisible = 0;
			defaultConfigurationName = Release;
		};
		23CAB5972BA87C1B009D3B32 /* Build configuration list for PBXNativeTarget "Swift-videoUITests" */ = {
			isa = XCConfigurationList;
			buildConfigurations = (
				23CAB5982BA87C1B009D3B32 /* Debug */,
				23CAB5992BA87C1B009D3B32 /* Release */,
			);
			defaultConfigurationIsVisible = 0;
			defaultConfigurationName = Release;
		};
/* End XCConfigurationList section */
	};
	rootObject = 23CAB5632BA87C18009D3B32 /* Project object */;
}
